
Microsoft Visual Studio Solution File, Format Version 12.00
# Visual Studio Version 16
Project("{FAE04EC0-301F-11D3-BF4B-00C04F79EFBC}") = "DotNetRabbitMQ.Client", "DotNetRabbitMQ.Client\DotNetRabbitMQ.Client.csproj", "{4ED5C8C9-D62D-4498-B73D-B0F969250928}"
EndProject
Project("{FAE04EC0-301F-11D3-BF4B-00C04F79EFBC}") = "DotNetRabbitMQ.Publisher", "DotNetRabbitMQ.Publisher\DotNetRabbitMQ.Publisher.csproj", "{D5BDC73A-1941-46A8-9F2B-0C2E66616655}"
EndProject
Project("{FAE04EC0-301F-11D3-BF4B-00C04F79EFBC}") = "DotNetRabbitMQ.Test", "DotNetRabbitMQ.Test\DotNetRabbitMQ.Test.csproj", "{091F4F79-BEAC-4A94-B23E-DC20EF4C7D22}"
EndProject
Global
	GlobalSection(SolutionConfigurationPlatforms) = preSolution
		Debug|Any CPU = Debug|Any CPU
		Release|Any CPU = Release|Any CPU
	EndGlobalSection
	GlobalSection(ProjectConfigurationPlatforms) = postSolution
		{4ED5C8C9-D62D-4498-B73D-B0F969250928}.Debug|Any CPU.ActiveCfg = Debug|Any CPU
		{4ED5C8C9-D62D-4498-B73D-B0F969250928}.Debug|Any CPU.Build.0 = Debug|Any CPU
		{4ED5C8C9-D62D-4498-B73D-B0F969250928}.Release|Any CPU.ActiveCfg = Release|Any CPU
		{4ED5C8C9-D62D-4498-B73D-B0F969250928}.Release|Any CPU.Build.0 = Release|Any CPU
		{D5BDC73A-1941-46A8-9F2B-0C2E66616655}.Debug|Any CPU.ActiveCfg = Debug|Any CPU
		{D5BDC73A-1941-46A8-9F2B-0C2E66616655}.Debug|Any CPU.Build.0 = Debug|Any CPU
		{D5BDC73A-1941-46A8-9F2B-0C2E66616655}.Release|Any CPU.ActiveCfg = Release|Any CPU
		{D5BDC73A-1941-46A8-9F2B-0C2E66616655}.Release|Any CPU.Build.0 = Release|Any CPU
		{091F4F79-BEAC-4A94-B23E-DC20EF4C7D22}.Debug|Any CPU.ActiveCfg = Debug|Any CPU
		{091F4F79-BEAC-4A94-B23E-DC20EF4C7D22}.Debug|Any CPU.Build.0 = Debug|Any CPU
		{091F4F79-BEAC-4A94-B23E-DC20EF4C7D22}.Release|Any CPU.ActiveCfg = Release|Any CPU
		{091F4F79-BEAC-4A94-B23E-DC20EF4C7D22}.Release|Any CPU.Build.0 = Release|Any CPU
	EndGlobalSection
EndGlobal
