
Microsoft Visual Studio Solution File, Format Version 12.00
Project("{FAE04EC0-301F-11D3-BF4B-00C04F79EFBC}") = "DotNetRabbitMQ.Publisher", "DotNetRabbitMQ.Publisher\DotNetRabbitMQ.Publisher.csproj", "{83A193E1-DDCC-4ACD-9948-F3DBA3EA1C5A}"
EndProject
Project("{FAE04EC0-301F-11D3-BF4B-00C04F79EFBC}") = "DotNetRabbitMQ.Client", "DotNetRabbitMQ.Client\DotNetRabbitMQ.Client.csproj", "{4ED5C8C9-D62D-4498-B73D-B0F969250928}"
EndProject
Global
	GlobalSection(SolutionConfigurationPlatforms) = preSolution
		Debug|Any CPU = Debug|Any CPU
		Release|Any CPU = Release|Any CPU
	EndGlobalSection
	GlobalSection(ProjectConfigurationPlatforms) = postSolution
		{83A193E1-DDCC-4ACD-9948-F3DBA3EA1C5A}.Debug|Any CPU.ActiveCfg = Debug|Any CPU
		{83A193E1-DDCC-4ACD-9948-F3DBA3EA1C5A}.Debug|Any CPU.Build.0 = Debug|Any CPU
		{83A193E1-DDCC-4ACD-9948-F3DBA3EA1C5A}.Release|Any CPU.ActiveCfg = Release|Any CPU
		{83A193E1-DDCC-4ACD-9948-F3DBA3EA1C5A}.Release|Any CPU.Build.0 = Release|Any CPU
		{4ED5C8C9-D62D-4498-B73D-B0F969250928}.Debug|Any CPU.ActiveCfg = Debug|Any CPU
		{4ED5C8C9-D62D-4498-B73D-B0F969250928}.Debug|Any CPU.Build.0 = Debug|Any CPU
		{4ED5C8C9-D62D-4498-B73D-B0F969250928}.Release|Any CPU.ActiveCfg = Release|Any CPU
		{4ED5C8C9-D62D-4498-B73D-B0F969250928}.Release|Any CPU.Build.0 = Release|Any CPU
	EndGlobalSection
EndGlobal
